
Microsoft Visual Studio Solution File, Format Version 12.00
# Visual Studio Version 16
VisualStudioVersion = 16.0.31624.102
MinimumVisualStudioVersion = 10.0.40219.1
Project("{FAE04EC0-301F-11D3-BF4B-00C04F79EFBC}") = "SharpSQL", "SharpSQL.csproj", "{914B792F-1D07-456F-8BA6-C2E768E6E19B}"
EndProject
Global
	GlobalSection(SolutionConfigurationPlatforms) = preSolution
		Debug|Any CPU = Debug|Any CPU
		Release|Any CPU = Release|Any CPU
	EndGlobalSection
	GlobalSection(ProjectConfigurationPlatforms) = postSolution
		{914B792F-1D07-456F-8BA6-C2E768E6E19B}.Debug|Any CPU.ActiveCfg = Debug|Any CPU
		{914B792F-1D07-456F-8BA6-C2E768E6E19B}.Debug|Any CPU.Build.0 = Debug|Any CPU
		{914B792F-1D07-456F-8BA6-C2E768E6E19B}.Release|Any CPU.ActiveCfg = Release|Any CPU
		{914B792F-1D07-456F-8BA6-C2E768E6E19B}.Release|Any CPU.Build.0 = Release|Any CPU
	EndGlobalSection
	GlobalSection(SolutionProperties) = preSolution
		HideSolutionNode = FALSE
	EndGlobalSection
	GlobalSection(ExtensibilityGlobals) = postSolution
		SolutionGuid = {ADCDE898-3890-4AA4-9897-4F4F5A2229F0}
	EndGlobalSection
EndGlobal
